// !$*UTF8*$!
{
	archiveVersion = 1;
	classes = {
	};
	objectVersion = 56;
	objects = {

/* Begin PBXBuildFile section */
		D4F91CC62AB2209E00F8648A /* AppDelegate.swift in Sources */ = {isa = PBXBuildFile; fileRef = D4F91CC52AB2209E00F8648A /* AppDelegate.swift */; };
		D4F91CC82AB2209E00F8648A /* SceneDelegate.swift in Sources */ = {isa = PBXBuildFile; fileRef = D4F91CC72AB2209E00F8648A /* SceneDelegate.swift */; };
		D4F91CCA2AB2209E00F8648A /* ViewController.swift in Sources */ = {isa = PBXBuildFile; fileRef = D4F91CC92AB2209E00F8648A /* ViewController.swift */; };
		D4F91CCD2AB2209E00F8648A /* Main.storyboard in Resources */ = {isa = PBXBuildFile; fileRef = D4F91CCB2AB2209E00F8648A /* Main.storyboard */; };
		D4F91CCF2AB220A400F8648A /* Assets.xcassets in Resources */ = {isa = PBXBuildFile; fileRef = D4F91CCE2AB220A400F8648A /* Assets.xcassets */; };
		D4F91CD22AB220A400F8648A /* LaunchScreen.storyboard in Resources */ = {isa = PBXBuildFile; fileRef = D4F91CD02AB220A400F8648A /* LaunchScreen.storyboard */; };
		D4F91CDD2AB220A500F8648A /* video_playerTests.swift in Sources */ = {isa = PBXBuildFile; fileRef = D4F91CDC2AB220A500F8648A /* video_playerTests.swift */; };
		D4F91CE72AB220A500F8648A /* video_playerUITests.swift in Sources */ = {isa = PBXBuildFile; fileRef = D4F91CE62AB220A500F8648A /* video_playerUITests.swift */; };
		D4F91CE92AB220A500F8648A /* video_playerUITestsLaunchTests.swift in Sources */ = {isa = PBXBuildFile; fileRef = D4F91CE82AB220A500F8648A /* video_playerUITestsLaunchTests.swift */; };
		D4F91CF82AB223C000F8648A /* AVFoundation.framework in Frameworks */ = {isa = PBXBuildFile; fileRef = D4F91CF72AB223C000F8648A /* AVFoundation.framework */; };
		D4F91CFA2AB2242F00F8648A /* appartments_video.mp4 in Resources */ = {isa = PBXBuildFile; fileRef = D4F91CF92AB2242F00F8648A /* appartments_video.mp4 */; };
/* End PBXBuildFile section */

/* Begin PBXContainerItemProxy section */
		D4F91CD92AB220A500F8648A /* PBXContainerItemProxy */ = {
			isa = PBXContainerItemProxy;
			containerPortal = D4F91CBA2AB2209E00F8648A /* Project object */;
			proxyType = 1;
			remoteGlobalIDString = D4F91CC12AB2209E00F8648A;
			remoteInfo = video_player;
		};
		D4F91CE32AB220A500F8648A /* PBXContainerItemProxy */ = {
			isa = PBXContainerItemProxy;
			containerPortal = D4F91CBA2AB2209E00F8648A /* Project object */;
			proxyType = 1;
			remoteGlobalIDString = D4F91CC12AB2209E00F8648A;
			remoteInfo = video_player;
		};
/* End PBXContainerItemProxy section */

/* Begin PBXFileReference section */
		D4F91CC22AB2209E00F8648A /* video_player.app */ = {isa = PBXFileReference; explicitFileType = wrapper.application; includeInIndex = 0; path = video_player.app; sourceTree = BUILT_PRODUCTS_DIR; };
		D4F91CC52AB2209E00F8648A /* AppDelegate.swift */ = {isa = PBXFileReference; lastKnownFileType = sourcecode.swift; path = AppDelegate.swift; sourceTree = "<group>"; };
		D4F91CC72AB2209E00F8648A /* SceneDelegate.swift */ = {isa = PBXFileReference; lastKnownFileType = sourcecode.swift; path = SceneDelegate.swift; sourceTree = "<group>"; };
		D4F91CC92AB2209E00F8648A /* ViewController.swift */ = {isa = PBXFileReference; lastKnownFileType = sourcecode.swift; path = ViewController.swift; sourceTree = "<group>"; };
		D4F91CCC2AB2209E00F8648A /* Base */ = {isa = PBXFileReference; lastKnownFileType = file.storyboard; name = Base; path = Base.lproj/Main.storyboard; sourceTree = "<group>"; };
		D4F91CCE2AB220A400F8648A /* Assets.xcassets */ = {isa = PBXFileReference; lastKnownFileType = folder.assetcatalog; path = Assets.xcassets; sourceTree = "<group>"; };
		D4F91CD12AB220A400F8648A /* Base */ = {isa = PBXFileReference; lastKnownFileType = file.storyboard; name = Base; path = Base.lproj/LaunchScreen.storyboard; sourceTree = "<group>"; };
		D4F91CD32AB220A400F8648A /* Info.plist */ = {isa = PBXFileReference; lastKnownFileType = text.plist.xml; path = Info.plist; sourceTree = "<group>"; };
		D4F91CD82AB220A500F8648A /* video_playerTests.xctest */ = {isa = PBXFileReference; explicitFileType = wrapper.cfbundle; includeInIndex = 0; path = video_playerTests.xctest; sourceTree = BUILT_PRODUCTS_DIR; };
		D4F91CDC2AB220A500F8648A /* video_playerTests.swift */ = {isa = PBXFileReference; lastKnownFileType = sourcecode.swift; path = video_playerTests.swift; sourceTree = "<group>"; };
		D4F91CE22AB220A500F8648A /* video_playerUITests.xctest */ = {isa = PBXFileReference; explicitFileType = wrapper.cfbundle; includeInIndex = 0; path = video_playerUITests.xctest; sourceTree = BUILT_PRODUCTS_DIR; };
		D4F91CE62AB220A500F8648A /* video_playerUITests.swift */ = {isa = PBXFileReference; lastKnownFileType = sourcecode.swift; path = video_playerUITests.swift; sourceTree = "<group>"; };
		D4F91CE82AB220A500F8648A /* video_playerUITestsLaunchTests.swift */ = {isa = PBXFileReference; lastKnownFileType = sourcecode.swift; path = video_playerUITestsLaunchTests.swift; sourceTree = "<group>"; };
		D4F91CF72AB223C000F8648A /* AVFoundation.framework */ = {isa = PBXFileReference; lastKnownFileType = wrapper.framework; name = AVFoundation.framework; path = System/Library/Frameworks/AVFoundation.framework; sourceTree = SDKROOT; };
		D4F91CF92AB2242F00F8648A /* appartments_video.mp4 */ = {isa = PBXFileReference; lastKnownFileType = file; path = appartments_video.mp4; sourceTree = "<group>"; };
/* End PBXFileReference section */

/* Begin PBXFrameworksBuildPhase section */
		D4F91CBF2AB2209E00F8648A /* Frameworks */ = {
			isa = PBXFrameworksBuildPhase;
			buildActionMask = 2147483647;
			files = (
				D4F91CF82AB223C000F8648A /* AVFoundation.framework in Frameworks */,
			);
			runOnlyForDeploymentPostprocessing = 0;
		};
		D4F91CD52AB220A400F8648A /* Frameworks */ = {
			isa = PBXFrameworksBuildPhase;
			buildActionMask = 2147483647;
			files = (
			);
			runOnlyForDeploymentPostprocessing = 0;
		};
		D4F91CDF2AB220A500F8648A /* Frameworks */ = {
			isa = PBXFrameworksBuildPhase;
			buildActionMask = 2147483647;
			files = (
			);
			runOnlyForDeploymentPostprocessing = 0;
		};
/* End PBXFrameworksBuildPhase section */

/* Begin PBXGroup section */
		D4F91CB92AB2209E00F8648A = {
			isa = PBXGroup;
			children = (
				D4F91CC42AB2209E00F8648A /* video_player */,
				D4F91CDB2AB220A500F8648A /* video_playerTests */,
				D4F91CE52AB220A500F8648A /* video_playerUITests */,
				D4F91CC32AB2209E00F8648A /* Products */,
				D4F91CF62AB223C000F8648A /* Frameworks */,
			);
			sourceTree = "<group>";
		};
		D4F91CC32AB2209E00F8648A /* Products */ = {
			isa = PBXGroup;
			children = (
				D4F91CC22AB2209E00F8648A /* video_player.app */,
				D4F91CD82AB220A500F8648A /* video_playerTests.xctest */,
				D4F91CE22AB220A500F8648A /* video_playerUITests.xctest */,
			);
			name = Products;
			sourceTree = "<group>";
		};
		D4F91CC42AB2209E00F8648A /* video_player */ = {
			isa = PBXGroup;
			children = (
				D4F91CC52AB2209E00F8648A /* AppDelegate.swift */,
				D4F91CC72AB2209E00F8648A /* SceneDelegate.swift */,
				D4F91CC92AB2209E00F8648A /* ViewController.swift */,
				D4F91CCB2AB2209E00F8648A /* Main.storyboard */,
				D4F91CCE2AB220A400F8648A /* Assets.xcassets */,
				D4F91CF92AB2242F00F8648A /* appartments_video.mp4 */,
				D4F91CD02AB220A400F8648A /* LaunchScreen.storyboard */,
				D4F91CD32AB220A400F8648A /* Info.plist */,
			);
			path = video_player;
			sourceTree = "<group>";
		};
		D4F91CDB2AB220A500F8648A /* video_playerTests */ = {
			isa = PBXGroup;
			children = (
				D4F91CDC2AB220A500F8648A /* video_playerTests.swift */,
			);
			path = video_playerTests;
			sourceTree = "<group>";
		};
		D4F91CE52AB220A500F8648A /* video_playerUITests */ = {
			isa = PBXGroup;
			children = (
				D4F91CE62AB220A500F8648A /* video_playerUITests.swift */,
				D4F91CE82AB220A500F8648A /* video_playerUITestsLaunchTests.swift */,
			);
			path = video_playerUITests;
			sourceTree = "<group>";
		};
		D4F91CF62AB223C000F8648A /* Frameworks */ = {
			isa = PBXGroup;
			children = (
				D4F91CF72AB223C000F8648A /* AVFoundation.framework */,
			);
			name = Frameworks;
			sourceTree = "<group>";
		};
/* End PBXGroup section */

/* Begin PBXNativeTarget section */
		D4F91CC12AB2209E00F8648A /* video_player */ = {
			isa = PBXNativeTarget;
			buildConfigurationList = D4F91CEC2AB220A500F8648A /* Build configuration list for PBXNativeTarget "video_player" */;
			buildPhases = (
				D4F91CBE2AB2209E00F8648A /* Sources */,
				D4F91CBF2AB2209E00F8648A /* Frameworks */,
				D4F91CC02AB2209E00F8648A /* Resources */,
			);
			buildRules = (
			);
			dependencies = (
			);
			name = video_player;
			productName = video_player;
			productReference = D4F91CC22AB2209E00F8648A /* video_player.app */;
			productType = "com.apple.product-type.application";
		};
		D4F91CD72AB220A400F8648A /* video_playerTests */ = {
			isa = PBXNativeTarget;
			buildConfigurationList = D4F91CEF2AB220A500F8648A /* Build configuration list for PBXNativeTarget "video_playerTests" */;
			buildPhases = (
				D4F91CD42AB220A400F8648A /* Sources */,
				D4F91CD52AB220A400F8648A /* Frameworks */,
				D4F91CD62AB220A400F8648A /* Resources */,
			);
			buildRules = (
			);
			dependencies = (
				D4F91CDA2AB220A500F8648A /* PBXTargetDependency */,
			);
			name = video_playerTests;
			productName = video_playerTests;
			productReference = D4F91CD82AB220A500F8648A /* video_playerTests.xctest */;
			productType = "com.apple.product-type.bundle.unit-test";
		};
		D4F91CE12AB220A500F8648A /* video_playerUITests */ = {
			isa = PBXNativeTarget;
			buildConfigurationList = D4F91CF22AB220A500F8648A /* Build configuration list for PBXNativeTarget "video_playerUITests" */;
			buildPhases = (
				D4F91CDE2AB220A500F8648A /* Sources */,
				D4F91CDF2AB220A500F8648A /* Frameworks */,
				D4F91CE02AB220A500F8648A /* Resources */,
			);
			buildRules = (
			);
			dependencies = (
				D4F91CE42AB220A500F8648A /* PBXTargetDependency */,
			);
			name = video_playerUITests;
			productName = video_playerUITests;
			productReference = D4F91CE22AB220A500F8648A /* video_playerUITests.xctest */;
			productType = "com.apple.product-type.bundle.ui-testing";
		};
/* End PBXNativeTarget section */

/* Begin PBXProject section */
		D4F91CBA2AB2209E00F8648A /* Project object */ = {
			isa = PBXProject;
			attributes = {
				BuildIndependentTargetsInParallel = 1;
				LastSwiftUpdateCheck = 1420;
				LastUpgradeCheck = 1420;
				TargetAttributes = {
					D4F91CC12AB2209E00F8648A = {
						CreatedOnToolsVersion = 14.2;
					};
					D4F91CD72AB220A400F8648A = {
						CreatedOnToolsVersion = 14.2;
						TestTargetID = D4F91CC12AB2209E00F8648A;
					};
					D4F91CE12AB220A500F8648A = {
						CreatedOnToolsVersion = 14.2;
						TestTargetID = D4F91CC12AB2209E00F8648A;
					};
				};
			};
			buildConfigurationList = D4F91CBD2AB2209E00F8648A /* Build configuration list for PBXProject "video_player" */;
			compatibilityVersion = "Xcode 14.0";
			developmentRegion = en;
			hasScannedForEncodings = 0;
			knownRegions = (
				en,
				Base,
			);
			mainGroup = D4F91CB92AB2209E00F8648A;
			productRefGroup = D4F91CC32AB2209E00F8648A /* Products */;
			projectDirPath = "";
			projectRoot = "";
			targets = (
				D4F91CC12AB2209E00F8648A /* video_player */,
				D4F91CD72AB220A400F8648A /* video_playerTests */,
				D4F91CE12AB220A500F8648A /* video_playerUITests */,
			);
		};
/* End PBXProject section */

/* Begin PBXResourcesBuildPhase section */
		D4F91CC02AB2209E00F8648A /* Resources */ = {
			isa = PBXResourcesBuildPhase;
			buildActionMask = 2147483647;
			files = (
				D4F91CD22AB220A400F8648A /* LaunchScreen.storyboard in Resources */,
				D4F91CFA2AB2242F00F8648A /* appartments_video.mp4 in Resources */,
				D4F91CCF2AB220A400F8648A /* Assets.xcassets in Resources */,
				D4F91CCD2AB2209E00F8648A /* Main.storyboard in Resources */,
			);
			runOnlyForDeploymentPostprocessing = 0;
		};
		D4F91CD62AB220A400F8648A /* Resources */ = {
			isa = PBXResourcesBuildPhase;
			buildActionMask = 2147483647;
			files = (
			);
			runOnlyForDeploymentPostprocessing = 0;
		};
		D4F91CE02AB220A500F8648A /* Resources */ = {
			isa = PBXResourcesBuildPhase;
			buildActionMask = 2147483647;
			files = (
			);
			runOnlyForDeploymentPostprocessing = 0;
		};
/* End PBXResourcesBuildPhase section */

/* Begin PBXSourcesBuildPhase section */
		D4F91CBE2AB2209E00F8648A /* Sources */ = {
			isa = PBXSourcesBuildPhase;
			buildActionMask = 2147483647;
			files = (
				D4F91CCA2AB2209E00F8648A /* ViewController.swift in Sources */,
				D4F91CC62AB2209E00F8648A /* AppDelegate.swift in Sources */,
				D4F91CC82AB2209E00F8648A /* SceneDelegate.swift in Sources */,
			);
			runOnlyForDeploymentPostprocessing = 0;
		};
		D4F91CD42AB220A400F8648A /* Sources */ = {
			isa = PBXSourcesBuildPhase;
			buildActionMask = 2147483647;
			files = (
				D4F91CDD2AB220A500F8648A /* video_playerTests.swift in Sources */,
			);
			runOnlyForDeploymentPostprocessing = 0;
		};
		D4F91CDE2AB220A500F8648A /* Sources */ = {
			isa = PBXSourcesBuildPhase;
			buildActionMask = 2147483647;
			files = (
				D4F91CE72AB220A500F8648A /* video_playerUITests.swift in Sources */,
				D4F91CE92AB220A500F8648A /* video_playerUITestsLaunchTests.swift in Sources */,
			);
			runOnlyForDeploymentPostprocessing = 0;
		};
/* End PBXSourcesBuildPhase section */

/* Begin PBXTargetDependency section */
		D4F91CDA2AB220A500F8648A /* PBXTargetDependency */ = {
			isa = PBXTargetDependency;
			target = D4F91CC12AB2209E00F8648A /* video_player */;
			targetProxy = D4F91CD92AB220A500F8648A /* PBXContainerItemProxy */;
		};
		D4F91CE42AB220A500F8648A /* PBXTargetDependency */ = {
			isa = PBXTargetDependency;
			target = D4F91CC12AB2209E00F8648A /* video_player */;
			targetProxy = D4F91CE32AB220A500F8648A /* PBXContainerItemProxy */;
		};
/* End PBXTargetDependency section */

/* Begin PBXVariantGroup section */
		D4F91CCB2AB2209E00F8648A /* Main.storyboard */ = {
			isa = PBXVariantGroup;
			children = (
				D4F91CCC2AB2209E00F8648A /* Base */,
			);
			name = Main.storyboard;
			sourceTree = "<group>";
		};
		D4F91CD02AB220A400F8648A /* LaunchScreen.storyboard */ = {
			isa = PBXVariantGroup;
			children = (
				D4F91CD12AB220A400F8648A /* Base */,
			);
			name = LaunchScreen.storyboard;
			sourceTree = "<group>";
		};
/* End PBXVariantGroup section */

/* Begin XCBuildConfiguration section */
		D4F91CEA2AB220A500F8648A /* Debug */ = {
			isa = XCBuildConfiguration;
			buildSettings = {
				ALWAYS_SEARCH_USER_PATHS = NO;
				CLANG_ANALYZER_NONNULL = YES;
				CLANG_ANALYZER_NUMBER_OBJECT_CONVERSION = YES_AGGRESSIVE;
				CLANG_CXX_LANGUAGE_STANDARD = "gnu++20";
				CLANG_ENABLE_MODULES = YES;
				CLANG_ENABLE_OBJC_ARC = YES;
				CLANG_ENABLE_OBJC_WEAK = YES;
				CLANG_WARN_BLOCK_CAPTURE_AUTORELEASING = YES;
				CLANG_WARN_BOOL_CONVERSION = YES;
				CLANG_WARN_COMMA = YES;
				CLANG_WARN_CONSTANT_CONVERSION = YES;
				CLANG_WARN_DEPRECATED_OBJC_IMPLEMENTATIONS = YES;
				CLANG_WARN_DIRECT_OBJC_ISA_USAGE = YES_ERROR;
				CLANG_WARN_DOCUMENTATION_COMMENTS = YES;
				CLANG_WARN_EMPTY_BODY = YES;
				CLANG_WARN_ENUM_CONVERSION = YES;
				CLANG_WARN_INFINITE_RECURSION = YES;
				CLANG_WARN_INT_CONVERSION = YES;
				CLANG_WARN_NON_LITERAL_NULL_CONVERSION = YES;
				CLANG_WARN_OBJC_IMPLICIT_RETAIN_SELF = YES;
				CLANG_WARN_OBJC_LITERAL_CONVERSION = YES;
				CLANG_WARN_OBJC_ROOT_CLASS = YES_ERROR;
				CLANG_WARN_QUOTED_INCLUDE_IN_FRAMEWORK_HEADER = YES;
				CLANG_WARN_RANGE_LOOP_ANALYSIS = YES;
				CLANG_WARN_STRICT_PROTOTYPES = YES;
				CLANG_WARN_SUSPICIOUS_MOVE = YES;
				CLANG_WARN_UNGUARDED_AVAILABILITY = YES_AGGRESSIVE;
				CLANG_WARN_UNREACHABLE_CODE = YES;
				CLANG_WARN__DUPLICATE_METHOD_MATCH = YES;
				COPY_PHASE_STRIP = NO;
				DEBUG_INFORMATION_FORMAT = dwarf;
				ENABLE_STRICT_OBJC_MSGSEND = YES;
				ENABLE_TESTABILITY = YES;
				GCC_C_LANGUAGE_STANDARD = gnu11;
				GCC_DYNAMIC_NO_PIC = NO;
				GCC_NO_COMMON_BLOCKS = YES;
				GCC_OPTIMIZATION_LEVEL = 0;
				GCC_PREPROCESSOR_DEFINITIONS = (
					"DEBUG=1",
					"$(inherited)",
				);
				GCC_WARN_64_TO_32_BIT_CONVERSION = YES;
				GCC_WARN_ABOUT_RETURN_TYPE = YES_ERROR;
				GCC_WARN_UNDECLARED_SELECTOR = YES;
				GCC_WARN_UNINITIALIZED_AUTOS = YES_AGGRESSIVE;
				GCC_WARN_UNUSED_FUNCTION = YES;
				GCC_WARN_UNUSED_VARIABLE = YES;
				IPHONEOS_DEPLOYMENT_TARGET = 16.2;
				MTL_ENABLE_DEBUG_INFO = INCLUDE_SOURCE;
				MTL_FAST_MATH = YES;
				ONLY_ACTIVE_ARCH = YES;
				SDKROOT = iphoneos;
				SWIFT_ACTIVE_COMPILATION_CONDITIONS = DEBUG;
				SWIFT_OPTIMIZATION_LEVEL = "-Onone";
			};
			name = Debug;
		};
		D4F91CEB2AB220A500F8648A /* Release */ = {
			isa = XCBuildConfiguration;
			buildSettings = {
				ALWAYS_SEARCH_USER_PATHS = NO;
				CLANG_ANALYZER_NONNULL = YES;
				CLANG_ANALYZER_NUMBER_OBJECT_CONVERSION = YES_AGGRESSIVE;
				CLANG_CXX_LANGUAGE_STANDARD = "gnu++20";
				CLANG_ENABLE_MODULES = YES;
				CLANG_ENABLE_OBJC_ARC = YES;
				CLANG_ENABLE_OBJC_WEAK = YES;
				CLANG_WARN_BLOCK_CAPTURE_AUTORELEASING = YES;
				CLANG_WARN_BOOL_CONVERSION = YES;
				CLANG_WARN_COMMA = YES;
				CLANG_WARN_CONSTANT_CONVERSION = YES;
				CLANG_WARN_DEPRECATED_OBJC_IMPLEMENTATIONS = YES;
				CLANG_WARN_DIRECT_OBJC_ISA_USAGE = YES_ERROR;
				CLANG_WARN_DOCUMENTATION_COMMENTS = YES;
				CLANG_WARN_EMPTY_BODY = YES;
				CLANG_WARN_ENUM_CONVERSION = YES;
				CLANG_WARN_INFINITE_RECURSION = YES;
				CLANG_WARN_INT_CONVERSION = YES;
				CLANG_WARN_NON_LITERAL_NULL_CONVERSION = YES;
				CLANG_WARN_OBJC_IMPLICIT_RETAIN_SELF = YES;
				CLANG_WARN_OBJC_LITERAL_CONVERSION = YES;
				CLANG_WARN_OBJC_ROOT_CLASS = YES_ERROR;
				CLANG_WARN_QUOTED_INCLUDE_IN_FRAMEWORK_HEADER = YES;
				CLANG_WARN_RANGE_LOOP_ANALYSIS = YES;
				CLANG_WARN_STRICT_PROTOTYPES = YES;
				CLANG_WARN_SUSPICIOUS_MOVE = YES;
				CLANG_WARN_UNGUARDED_AVAILABILITY = YES_AGGRESSIVE;
				CLANG_WARN_UNREACHABLE_CODE = YES;
				CLANG_WARN__DUPLICATE_METHOD_MATCH = YES;
				COPY_PHASE_STRIP = NO;
				DEBUG_INFORMATION_FORMAT = "dwarf-with-dsym";
				ENABLE_NS_ASSERTIONS = NO;
				ENABLE_STRICT_OBJC_MSGSEND = YES;
				GCC_C_LANGUAGE_STANDARD = gnu11;
				GCC_NO_COMMON_BLOCKS = YES;
				GCC_WARN_64_TO_32_BIT_CONVERSION = YES;
				GCC_WARN_ABOUT_RETURN_TYPE = YES_ERROR;
				GCC_WARN_UNDECLARED_SELECTOR = YES;
				GCC_WARN_UNINITIALIZED_AUTOS = YES_AGGRESSIVE;
				GCC_WARN_UNUSED_FUNCTION = YES;
				GCC_WARN_UNUSED_VARIABLE = YES;
				IPHONEOS_DEPLOYMENT_TARGET = 16.2;
				MTL_ENABLE_DEBUG_INFO = NO;
				MTL_FAST_MATH = YES;
				SDKROOT = iphoneos;
				SWIFT_COMPILATION_MODE = wholemodule;
				SWIFT_OPTIMIZATION_LEVEL = "-O";
				VALIDATE_PRODUCT = YES;
			};
			name = Release;
		};
		D4F91CED2AB220A500F8648A /* Debug */ = {
			isa = XCBuildConfiguration;
			buildSettings = {
				ASSETCATALOG_COMPILER_APPICON_NAME = AppIcon;
				ASSETCATALOG_COMPILER_GLOBAL_ACCENT_COLOR_NAME = AccentColor;
				CODE_SIGN_STYLE = Automatic;
				CURRENT_PROJECT_VERSION = 1;
				GENERATE_INFOPLIST_FILE = YES;
				INFOPLIST_FILE = video_player/Info.plist;
				INFOPLIST_KEY_UIApplicationSupportsIndirectInputEvents = YES;
				INFOPLIST_KEY_UILaunchStoryboardName = LaunchScreen;
				INFOPLIST_KEY_UIMainStoryboardFile = Main;
				INFOPLIST_KEY_UISupportedInterfaceOrientations_iPad = "UIInterfaceOrientationPortrait UIInterfaceOrientationPortraitUpsideDown UIInterfaceOrientationLandscapeLeft UIInterfaceOrientationLandscapeRight";
				INFOPLIST_KEY_UISupportedInterfaceOrientations_iPhone = "UIInterfaceOrientationPortrait UIInterfaceOrientationLandscapeLeft UIInterfaceOrientationLandscapeRight";
				LD_RUNPATH_SEARCH_PATHS = (
					"$(inherited)",
					"@executable_path/Frameworks",
				);
				MARKETING_VERSION = 1.0;
				PRODUCT_BUNDLE_IDENTIFIER = "com.urbannation.iamrich.video-player";
				PRODUCT_NAME = "$(TARGET_NAME)";
				SWIFT_EMIT_LOC_STRINGS = YES;
				SWIFT_VERSION = 5.0;
				TARGETED_DEVICE_FAMILY = "1,2";
			};
			name = Debug;
		};
		D4F91CEE2AB220A500F8648A /* Release */ = {
			isa = XCBuildConfiguration;
			buildSettings = {
				ASSETCATALOG_COMPILER_APPICON_NAME = AppIcon;
				ASSETCATALOG_COMPILER_GLOBAL_ACCENT_COLOR_NAME = AccentColor;
				CODE_SIGN_STYLE = Automatic;
				CURRENT_PROJECT_VERSION = 1;
				GENERATE_INFOPLIST_FILE = YES;
				INFOPLIST_FILE = video_player/Info.plist;
				INFOPLIST_KEY_UIApplicationSupportsIndirectInputEvents = YES;
				INFOPLIST_KEY_UILaunchStoryboardName = LaunchScreen;
				INFOPLIST_KEY_UIMainStoryboardFile = Main;
				INFOPLIST_KEY_UISupportedInterfaceOrientations_iPad = "UIInterfaceOrientationPortrait UIInterfaceOrientationPortraitUpsideDown UIInterfaceOrientationLandscapeLeft UIInterfaceOrientationLandscapeRight";
				INFOPLIST_KEY_UISupportedInterfaceOrientations_iPhone = "UIInterfaceOrientationPortrait UIInterfaceOrientationLandscapeLeft UIInterfaceOrientationLandscapeRight";
				LD_RUNPATH_SEARCH_PATHS = (
					"$(inherited)",
					"@executable_path/Frameworks",
				);
				MARKETING_VERSION = 1.0;
				PRODUCT_BUNDLE_IDENTIFIER = "com.urbannation.iamrich.video-player";
				PRODUCT_NAME = "$(TARGET_NAME)";
				SWIFT_EMIT_LOC_STRINGS = YES;
				SWIFT_VERSION = 5.0;
				TARGETED_DEVICE_FAMILY = "1,2";
			};
			name = Release;
		};
		D4F91CF02AB220A500F8648A /* Debug */ = {
			isa = XCBuildConfiguration;
			buildSettings = {
				ALWAYS_EMBED_SWIFT_STANDARD_LIBRARIES = YES;
				BUNDLE_LOADER = "$(TEST_HOST)";
				CODE_SIGN_STYLE = Automatic;
				CURRENT_PROJECT_VERSION = 1;
				GENERATE_INFOPLIST_FILE = YES;
				IPHONEOS_DEPLOYMENT_TARGET = 16.2;
				MARKETING_VERSION = 1.0;
				PRODUCT_BUNDLE_IDENTIFIER = "com.urbannation.iamrich.video-playerTests";
				PRODUCT_NAME = "$(TARGET_NAME)";
				SWIFT_EMIT_LOC_STRINGS = NO;
				SWIFT_VERSION = 5.0;
				TARGETED_DEVICE_FAMILY = "1,2";
				TEST_HOST = "$(BUILT_PRODUCTS_DIR)/video_player.app/$(BUNDLE_EXECUTABLE_FOLDER_PATH)/video_player";
			};
			name = Debug;
		};
		D4F91CF12AB220A500F8648A /* Release */ = {
			isa = XCBuildConfiguration;
			buildSettings = {
				ALWAYS_EMBED_SWIFT_STANDARD_LIBRARIES = YES;
				BUNDLE_LOADER = "$(TEST_HOST)";
				CODE_SIGN_STYLE = Automatic;
				CURRENT_PROJECT_VERSION = 1;
				GENERATE_INFOPLIST_FILE = YES;
				IPHONEOS_DEPLOYMENT_TARGET = 16.2;
				MARKETING_VERSION = 1.0;
				PRODUCT_BUNDLE_IDENTIFIER = "com.urbannation.iamrich.video-playerTests";
				PRODUCT_NAME = "$(TARGET_NAME)";
				SWIFT_EMIT_LOC_STRINGS = NO;
				SWIFT_VERSION = 5.0;
				TARGETED_DEVICE_FAMILY = "1,2";
				TEST_HOST = "$(BUILT_PRODUCTS_DIR)/video_player.app/$(BUNDLE_EXECUTABLE_FOLDER_PATH)/video_player";
			};
			name = Release;
		};
		D4F91CF32AB220A500F8648A /* Debug */ = {
			isa = XCBuildConfiguration;
			buildSettings = {
				ALWAYS_EMBED_SWIFT_STANDARD_LIBRARIES = YES;
				CODE_SIGN_STYLE = Automatic;
				CURRENT_PROJECT_VERSION = 1;
				GENERATE_INFOPLIST_FILE = YES;
				MARKETING_VERSION = 1.0;
				PRODUCT_BUNDLE_IDENTIFIER = "com.urbannation.iamrich.video-playerUITests";
				PRODUCT_NAME = "$(TARGET_NAME)";
				SWIFT_EMIT_LOC_STRINGS = NO;
				SWIFT_VERSION = 5.0;
				TARGETED_DEVICE_FAMILY = "1,2";
				TEST_TARGET_NAME = video_player;
			};
			name = Debug;
		};
		D4F91CF42AB220A500F8648A /* Release */ = {
			isa = XCBuildConfiguration;
			buildSettings = {
				ALWAYS_EMBED_SWIFT_STANDARD_LIBRARIES = YES;
				CODE_SIGN_STYLE = Automatic;
				CURRENT_PROJECT_VERSION = 1;
				GENERATE_INFOPLIST_FILE = YES;
				MARKETING_VERSION = 1.0;
				PRODUCT_BUNDLE_IDENTIFIER = "com.urbannation.iamrich.video-playerUITests";
				PRODUCT_NAME = "$(TARGET_NAME)";
				SWIFT_EMIT_LOC_STRINGS = NO;
				SWIFT_VERSION = 5.0;
				TARGETED_DEVICE_FAMILY = "1,2";
				TEST_TARGET_NAME = video_player;
			};
			name = Release;
		};
/* End XCBuildConfiguration section */

/* Begin XCConfigurationList section */
		D4F91CBD2AB2209E00F8648A /* Build configuration list for PBXProject "video_player" */ = {
			isa = XCConfigurationList;
			buildConfigurations = (
				D4F91CEA2AB220A500F8648A /* Debug */,
				D4F91CEB2AB220A500F8648A /* Release */,
			);
			defaultConfigurationIsVisible = 0;
			defaultConfigurationName = Release;
		};
		D4F91CEC2AB220A500F8648A /* Build configuration list for PBXNativeTarget "video_player" */ = {
			isa = XCConfigurationList;
			buildConfigurations = (
				D4F91CED2AB220A500F8648A /* Debug */,
				D4F91CEE2AB220A500F8648A /* Release */,
			);
			defaultConfigurationIsVisible = 0;
			defaultConfigurationName = Release;
		};
		D4F91CEF2AB220A500F8648A /* Build configuration list for PBXNativeTarget "video_playerTests" */ = {
			isa = XCConfigurationList;
			buildConfigurations = (
				D4F91CF02AB220A500F8648A /* Debug */,
				D4F91CF12AB220A500F8648A /* Release */,
			);
			defaultConfigurationIsVisible = 0;
			defaultConfigurationName = Release;
		};
		D4F91CF22AB220A500F8648A /* Build configuration list for PBXNativeTarget "video_playerUITests" */ = {
			isa = XCConfigurationList;
			buildConfigurations = (
				D4F91CF32AB220A500F8648A /* Debug */,
				D4F91CF42AB220A500F8648A /* Release */,
			);
			defaultConfigurationIsVisible = 0;
			defaultConfigurationName = Release;
		};
/* End XCConfigurationList section */
	};
	rootObject = D4F91CBA2AB2209E00F8648A /* Project object */;
}
